
Microsoft Visual Studio Solution File, Format Version 12.00
# Visual Studio Version 17
VisualStudioVersion = 17.7.34202.233
MinimumVisualStudioVersion = 10.0.40219.1
Project("{FAE04EC0-301F-11D3-BF4B-00C04F79EFBC}") = "GC", "GC.csproj", "{9913C6E3-6750-415E-AEC8-A21C7A49F6C2}"
EndProject
Project("{FAE04EC0-301F-11D3-BF4B-00C04F79EFBC}") = "GC_Buisness", "..\GC_Business\GC_Buisness.csproj", "{914D976D-A14A-4077-AA7E-B286EDD79AD0}"
EndProject
Project("{FAE04EC0-301F-11D3-BF4B-00C04F79EFBC}") = "GC_DataAccess", "..\GC_DataAccess\GC_DataAccess.csproj", "{F6E2818C-7C92-41C2-B764-0415991DFC1F}"
EndProject
Global
	GlobalSection(SolutionConfigurationPlatforms) = preSolution
		Debug|Any CPU = Debug|Any CPU
		Release|Any CPU = Release|Any CPU
	EndGlobalSection
	GlobalSection(ProjectConfigurationPlatforms) = postSolution
		{9913C6E3-6750-415E-AEC8-A21C7A49F6C2}.Debug|Any CPU.ActiveCfg = Debug|Any CPU
		{9913C6E3-6750-415E-AEC8-A21C7A49F6C2}.Debug|Any CPU.Build.0 = Debug|Any CPU
		{9913C6E3-6750-415E-AEC8-A21C7A49F6C2}.Release|Any CPU.ActiveCfg = Release|Any CPU
		{9913C6E3-6750-415E-AEC8-A21C7A49F6C2}.Release|Any CPU.Build.0 = Release|Any CPU
		{914D976D-A14A-4077-AA7E-B286EDD79AD0}.Debug|Any CPU.ActiveCfg = Debug|Any CPU
		{914D976D-A14A-4077-AA7E-B286EDD79AD0}.Debug|Any CPU.Build.0 = Debug|Any CPU
		{914D976D-A14A-4077-AA7E-B286EDD79AD0}.Release|Any CPU.ActiveCfg = Release|Any CPU
		{914D976D-A14A-4077-AA7E-B286EDD79AD0}.Release|Any CPU.Build.0 = Release|Any CPU
		{F6E2818C-7C92-41C2-B764-0415991DFC1F}.Debug|Any CPU.ActiveCfg = Debug|Any CPU
		{F6E2818C-7C92-41C2-B764-0415991DFC1F}.Debug|Any CPU.Build.0 = Debug|Any CPU
		{F6E2818C-7C92-41C2-B764-0415991DFC1F}.Release|Any CPU.ActiveCfg = Release|Any CPU
		{F6E2818C-7C92-41C2-B764-0415991DFC1F}.Release|Any CPU.Build.0 = Release|Any CPU
	EndGlobalSection
	GlobalSection(SolutionProperties) = preSolution
		HideSolutionNode = FALSE
	EndGlobalSection
	GlobalSection(ExtensibilityGlobals) = postSolution
		SolutionGuid = {AB3B447E-871E-4E29-AE66-B17E82B156AB}
	EndGlobalSection
EndGlobal
